// !$*UTF8*$!
{
	archiveVersion = 1;
	classes = {
	};
	objectVersion = 55;
	objects = {

/* Begin PBXBuildFile section */
		79CF2D1A277A29FE0069D3FD /* Tests_iOS.swift in Sources */ = {isa = PBXBuildFile; fileRef = 79CF2D19277A29FE0069D3FD /* Tests_iOS.swift */; };
		79CF2D1C277A29FE0069D3FD /* Tests_iOSLaunchTests.swift in Sources */ = {isa = PBXBuildFile; fileRef = 79CF2D1B277A29FE0069D3FD /* Tests_iOSLaunchTests.swift */; };
		79CF2D26277A29FE0069D3FD /* Tests_macOS.swift in Sources */ = {isa = PBXBuildFile; fileRef = 79CF2D25277A29FE0069D3FD /* Tests_macOS.swift */; };
		79CF2D28277A29FE0069D3FD /* Tests_macOSLaunchTests.swift in Sources */ = {isa = PBXBuildFile; fileRef = 79CF2D27277A29FE0069D3FD /* Tests_macOSLaunchTests.swift */; };
		79CF2D29277A29FE0069D3FD /* GraffitiApp.swift in Sources */ = {isa = PBXBuildFile; fileRef = 79CF2D01277A29FC0069D3FD /* GraffitiApp.swift */; };
		79CF2D2A277A29FE0069D3FD /* GraffitiApp.swift in Sources */ = {isa = PBXBuildFile; fileRef = 79CF2D01277A29FC0069D3FD /* GraffitiApp.swift */; };
		79CF2D2B277A29FE0069D3FD /* ContentView.swift in Sources */ = {isa = PBXBuildFile; fileRef = 79CF2D02277A29FC0069D3FD /* ContentView.swift */; };
		79CF2D2C277A29FE0069D3FD /* ContentView.swift in Sources */ = {isa = PBXBuildFile; fileRef = 79CF2D02277A29FC0069D3FD /* ContentView.swift */; };
		79CF2D2D277A29FE0069D3FD /* Assets.xcassets in Resources */ = {isa = PBXBuildFile; fileRef = 79CF2D03277A29FE0069D3FD /* Assets.xcassets */; };
		79CF2D2E277A29FE0069D3FD /* Assets.xcassets in Resources */ = {isa = PBXBuildFile; fileRef = 79CF2D03277A29FE0069D3FD /* Assets.xcassets */; };
		79CF2D41277A349E0069D3FD /* ARDelegate.swift in Sources */ = {isa = PBXBuildFile; fileRef = 79CF2D40277A349E0069D3FD /* ARDelegate.swift */; };
		79CF2D42277A349E0069D3FD /* ARDelegate.swift in Sources */ = {isa = PBXBuildFile; fileRef = 79CF2D40277A349E0069D3FD /* ARDelegate.swift */; };
		79CF2D44277A36030069D3FD /* GeometryUtils.swift in Sources */ = {isa = PBXBuildFile; fileRef = 79CF2D43277A36030069D3FD /* GeometryUtils.swift */; };
		79CF2D45277A36030069D3FD /* GeometryUtils.swift in Sources */ = {isa = PBXBuildFile; fileRef = 79CF2D43277A36030069D3FD /* GeometryUtils.swift */; };
		79CF2D47277A362E0069D3FD /* ARViewRepresentable.swift in Sources */ = {isa = PBXBuildFile; fileRef = 79CF2D46277A362E0069D3FD /* ARViewRepresentable.swift */; };
		79CF2D48277A362E0069D3FD /* ARViewRepresentable.swift in Sources */ = {isa = PBXBuildFile; fileRef = 79CF2D46277A362E0069D3FD /* ARViewRepresentable.swift */; };
		79CF2D4E277A38390069D3FD /* Info.plist in Resources */ = {isa = PBXBuildFile; fileRef = 79CF2D4C277A38390069D3FD /* Info.plist */; };
/* End PBXBuildFile section */

/* Begin PBXContainerItemProxy section */
		79CF2D16277A29FE0069D3FD /* PBXContainerItemProxy */ = {
			isa = PBXContainerItemProxy;
			containerPortal = 79CF2CFC277A29FB0069D3FD /* Project object */;
			proxyType = 1;
			remoteGlobalIDString = 79CF2D07277A29FE0069D3FD;
			remoteInfo = "Graffiti (iOS)";
		};
		79CF2D22277A29FE0069D3FD /* PBXContainerItemProxy */ = {
			isa = PBXContainerItemProxy;
			containerPortal = 79CF2CFC277A29FB0069D3FD /* Project object */;
			proxyType = 1;
			remoteGlobalIDString = 79CF2D0D277A29FE0069D3FD;
			remoteInfo = "Graffiti (macOS)";
		};
/* End PBXContainerItemProxy section */

/* Begin PBXFileReference section */
		79CF2D01277A29FC0069D3FD /* GraffitiApp.swift */ = {isa = PBXFileReference; lastKnownFileType = sourcecode.swift; path = GraffitiApp.swift; sourceTree = "<group>"; };
		79CF2D02277A29FC0069D3FD /* ContentView.swift */ = {isa = PBXFileReference; lastKnownFileType = sourcecode.swift; path = ContentView.swift; sourceTree = "<group>"; };
		79CF2D03277A29FE0069D3FD /* Assets.xcassets */ = {isa = PBXFileReference; lastKnownFileType = folder.assetcatalog; path = Assets.xcassets; sourceTree = "<group>"; };
		79CF2D08277A29FE0069D3FD /* Graffiti.app */ = {isa = PBXFileReference; explicitFileType = wrapper.application; includeInIndex = 0; path = Graffiti.app; sourceTree = BUILT_PRODUCTS_DIR; };
		79CF2D0E277A29FE0069D3FD /* Graffiti.app */ = {isa = PBXFileReference; explicitFileType = wrapper.application; includeInIndex = 0; path = Graffiti.app; sourceTree = BUILT_PRODUCTS_DIR; };
		79CF2D10277A29FE0069D3FD /* macOS.entitlements */ = {isa = PBXFileReference; lastKnownFileType = text.plist.entitlements; path = macOS.entitlements; sourceTree = "<group>"; };
		79CF2D15277A29FE0069D3FD /* Tests iOS.xctest */ = {isa = PBXFileReference; explicitFileType = wrapper.cfbundle; includeInIndex = 0; path = "Tests iOS.xctest"; sourceTree = BUILT_PRODUCTS_DIR; };
		79CF2D19277A29FE0069D3FD /* Tests_iOS.swift */ = {isa = PBXFileReference; lastKnownFileType = sourcecode.swift; path = Tests_iOS.swift; sourceTree = "<group>"; };
		79CF2D1B277A29FE0069D3FD /* Tests_iOSLaunchTests.swift */ = {isa = PBXFileReference; lastKnownFileType = sourcecode.swift; path = Tests_iOSLaunchTests.swift; sourceTree = "<group>"; };
		79CF2D21277A29FE0069D3FD /* Tests macOS.xctest */ = {isa = PBXFileReference; explicitFileType = wrapper.cfbundle; includeInIndex = 0; path = "Tests macOS.xctest"; sourceTree = BUILT_PRODUCTS_DIR; };
		79CF2D25277A29FE0069D3FD /* Tests_macOS.swift */ = {isa = PBXFileReference; lastKnownFileType = sourcecode.swift; path = Tests_macOS.swift; sourceTree = "<group>"; };
		79CF2D27277A29FE0069D3FD /* Tests_macOSLaunchTests.swift */ = {isa = PBXFileReference; lastKnownFileType = sourcecode.swift; path = Tests_macOSLaunchTests.swift; sourceTree = "<group>"; };
		79CF2D40277A349E0069D3FD /* ARDelegate.swift */ = {isa = PBXFileReference; lastKnownFileType = sourcecode.swift; path = ARDelegate.swift; sourceTree = "<group>"; };
		79CF2D43277A36030069D3FD /* GeometryUtils.swift */ = {isa = PBXFileReference; lastKnownFileType = sourcecode.swift; path = GeometryUtils.swift; sourceTree = "<group>"; };
		79CF2D46277A362E0069D3FD /* ARViewRepresentable.swift */ = {isa = PBXFileReference; lastKnownFileType = sourcecode.swift; path = ARViewRepresentable.swift; sourceTree = "<group>"; };
		79CF2D4C277A38390069D3FD /* Info.plist */ = {isa = PBXFileReference; lastKnownFileType = text.plist.xml; path = Info.plist; sourceTree = "<group>"; };
/* End PBXFileReference section */

/* Begin PBXFrameworksBuildPhase section */
		79CF2D05277A29FE0069D3FD /* Frameworks */ = {
			isa = PBXFrameworksBuildPhase;
			buildActionMask = 2147483647;
			files = (
			);
			runOnlyForDeploymentPostprocessing = 0;
		};
		79CF2D0B277A29FE0069D3FD /* Frameworks */ = {
			isa = PBXFrameworksBuildPhase;
			buildActionMask = 2147483647;
			files = (
			);
			runOnlyForDeploymentPostprocessing = 0;
		};
		79CF2D12277A29FE0069D3FD /* Frameworks */ = {
			isa = PBXFrameworksBuildPhase;
			buildActionMask = 2147483647;
			files = (
			);
			runOnlyForDeploymentPostprocessing = 0;
		};
		79CF2D1E277A29FE0069D3FD /* Frameworks */ = {
			isa = PBXFrameworksBuildPhase;
			buildActionMask = 2147483647;
			files = (
			);
			runOnlyForDeploymentPostprocessing = 0;
		};
/* End PBXFrameworksBuildPhase section */

/* Begin PBXGroup section */
		79CF2CFB277A29FB0069D3FD = {
			isa = PBXGroup;
			children = (
				79CF2D00277A29FC0069D3FD /* Shared */,
				79CF2D0F277A29FE0069D3FD /* macOS */,
				79CF2D18277A29FE0069D3FD /* Tests iOS */,
				79CF2D24277A29FE0069D3FD /* Tests macOS */,
				79CF2D09277A29FE0069D3FD /* Products */,
			);
			sourceTree = "<group>";
		};
		79CF2D00277A29FC0069D3FD /* Shared */ = {
			isa = PBXGroup;
			children = (
				79CF2D01277A29FC0069D3FD /* GraffitiApp.swift */,
				79CF2D02277A29FC0069D3FD /* ContentView.swift */,
				79CF2D40277A349E0069D3FD /* ARDelegate.swift */,
				79CF2D46277A362E0069D3FD /* ARViewRepresentable.swift */,
				79CF2D43277A36030069D3FD /* GeometryUtils.swift */,
				79CF2D4C277A38390069D3FD /* Info.plist */,
				79CF2D03277A29FE0069D3FD /* Assets.xcassets */,
			);
			path = Shared;
			sourceTree = "<group>";
		};
		79CF2D09277A29FE0069D3FD /* Products */ = {
			isa = PBXGroup;
			children = (
				79CF2D08277A29FE0069D3FD /* Graffiti.app */,
				79CF2D0E277A29FE0069D3FD /* Graffiti.app */,
				79CF2D15277A29FE0069D3FD /* Tests iOS.xctest */,
				79CF2D21277A29FE0069D3FD /* Tests macOS.xctest */,
			);
			name = Products;
			sourceTree = "<group>";
		};
		79CF2D0F277A29FE0069D3FD /* macOS */ = {
			isa = PBXGroup;
			children = (
				79CF2D10277A29FE0069D3FD /* macOS.entitlements */,
			);
			path = macOS;
			sourceTree = "<group>";
		};
		79CF2D18277A29FE0069D3FD /* Tests iOS */ = {
			isa = PBXGroup;
			children = (
				79CF2D19277A29FE0069D3FD /* Tests_iOS.swift */,
				79CF2D1B277A29FE0069D3FD /* Tests_iOSLaunchTests.swift */,
			);
			path = "Tests iOS";
			sourceTree = "<group>";
		};
		79CF2D24277A29FE0069D3FD /* Tests macOS */ = {
			isa = PBXGroup;
			children = (
				79CF2D25277A29FE0069D3FD /* Tests_macOS.swift */,
				79CF2D27277A29FE0069D3FD /* Tests_macOSLaunchTests.swift */,
			);
			path = "Tests macOS";
			sourceTree = "<group>";
		};
/* End PBXGroup section */

/* Begin PBXNativeTarget section */
		79CF2D07277A29FE0069D3FD /* Graffiti (iOS) */ = {
			isa = PBXNativeTarget;
			buildConfigurationList = 79CF2D31277A29FE0069D3FD /* Build configuration list for PBXNativeTarget "Graffiti (iOS)" */;
			buildPhases = (
				79CF2D04277A29FE0069D3FD /* Sources */,
				79CF2D05277A29FE0069D3FD /* Frameworks */,
				79CF2D06277A29FE0069D3FD /* Resources */,
			);
			buildRules = (
			);
			dependencies = (
			);
			name = "Graffiti (iOS)";
			productName = "Graffiti (iOS)";
			productReference = 79CF2D08277A29FE0069D3FD /* Graffiti.app */;
			productType = "com.apple.product-type.application";
		};
		79CF2D0D277A29FE0069D3FD /* Graffiti (macOS) */ = {
			isa = PBXNativeTarget;
			buildConfigurationList = 79CF2D34277A29FE0069D3FD /* Build configuration list for PBXNativeTarget "Graffiti (macOS)" */;
			buildPhases = (
				79CF2D0A277A29FE0069D3FD /* Sources */,
				79CF2D0B277A29FE0069D3FD /* Frameworks */,
				79CF2D0C277A29FE0069D3FD /* Resources */,
			);
			buildRules = (
			);
			dependencies = (
			);
			name = "Graffiti (macOS)";
			productName = "Graffiti (macOS)";
			productReference = 79CF2D0E277A29FE0069D3FD /* Graffiti.app */;
			productType = "com.apple.product-type.application";
		};
		79CF2D14277A29FE0069D3FD /* Tests iOS */ = {
			isa = PBXNativeTarget;
			buildConfigurationList = 79CF2D37277A29FE0069D3FD /* Build configuration list for PBXNativeTarget "Tests iOS" */;
			buildPhases = (
				79CF2D11277A29FE0069D3FD /* Sources */,
				79CF2D12277A29FE0069D3FD /* Frameworks */,
				79CF2D13277A29FE0069D3FD /* Resources */,
			);
			buildRules = (
			);
			dependencies = (
				79CF2D17277A29FE0069D3FD /* PBXTargetDependency */,
			);
			name = "Tests iOS";
			productName = "Tests iOS";
			productReference = 79CF2D15277A29FE0069D3FD /* Tests iOS.xctest */;
			productType = "com.apple.product-type.bundle.ui-testing";
		};
		79CF2D20277A29FE0069D3FD /* Tests macOS */ = {
			isa = PBXNativeTarget;
			buildConfigurationList = 79CF2D3A277A29FE0069D3FD /* Build configuration list for PBXNativeTarget "Tests macOS" */;
			buildPhases = (
				79CF2D1D277A29FE0069D3FD /* Sources */,
				79CF2D1E277A29FE0069D3FD /* Frameworks */,
				79CF2D1F277A29FE0069D3FD /* Resources */,
			);
			buildRules = (
			);
			dependencies = (
				79CF2D23277A29FE0069D3FD /* PBXTargetDependency */,
			);
			name = "Tests macOS";
			productName = "Tests macOS";
			productReference = 79CF2D21277A29FE0069D3FD /* Tests macOS.xctest */;
			productType = "com.apple.product-type.bundle.ui-testing";
		};
/* End PBXNativeTarget section */

/* Begin PBXProject section */
		79CF2CFC277A29FB0069D3FD /* Project object */ = {
			isa = PBXProject;
			attributes = {
				BuildIndependentTargetsInParallel = 1;
				LastSwiftUpdateCheck = 1310;
				LastUpgradeCheck = 1310;
				TargetAttributes = {
					79CF2D07277A29FE0069D3FD = {
						CreatedOnToolsVersion = 13.1;
					};
					79CF2D0D277A29FE0069D3FD = {
						CreatedOnToolsVersion = 13.1;
					};
					79CF2D14277A29FE0069D3FD = {
						CreatedOnToolsVersion = 13.1;
						TestTargetID = 79CF2D07277A29FE0069D3FD;
					};
					79CF2D20277A29FE0069D3FD = {
						CreatedOnToolsVersion = 13.1;
						TestTargetID = 79CF2D0D277A29FE0069D3FD;
					};
				};
			};
			buildConfigurationList = 79CF2CFF277A29FB0069D3FD /* Build configuration list for PBXProject "Graffiti" */;
			compatibilityVersion = "Xcode 13.0";
			developmentRegion = en;
			hasScannedForEncodings = 0;
			knownRegions = (
				en,
				Base,
			);
			mainGroup = 79CF2CFB277A29FB0069D3FD;
			productRefGroup = 79CF2D09277A29FE0069D3FD /* Products */;
			projectDirPath = "";
			projectRoot = "";
			targets = (
				79CF2D07277A29FE0069D3FD /* Graffiti (iOS) */,
				79CF2D0D277A29FE0069D3FD /* Graffiti (macOS) */,
				79CF2D14277A29FE0069D3FD /* Tests iOS */,
				79CF2D20277A29FE0069D3FD /* Tests macOS */,
			);
		};
/* End PBXProject section */

/* Begin PBXResourcesBuildPhase section */
		79CF2D06277A29FE0069D3FD /* Resources */ = {
			isa = PBXResourcesBuildPhase;
			buildActionMask = 2147483647;
			files = (
				79CF2D2D277A29FE0069D3FD /* Assets.xcassets in Resources */,
			);
			runOnlyForDeploymentPostprocessing = 0;
		};
		79CF2D0C277A29FE0069D3FD /* Resources */ = {
			isa = PBXResourcesBuildPhase;
			buildActionMask = 2147483647;
			files = (
				79CF2D4E277A38390069D3FD /* Info.plist in Resources */,
				79CF2D2E277A29FE0069D3FD /* Assets.xcassets in Resources */,
			);
			runOnlyForDeploymentPostprocessing = 0;
		};
		79CF2D13277A29FE0069D3FD /* Resources */ = {
			isa = PBXResourcesBuildPhase;
			buildActionMask = 2147483647;
			files = (
			);
			runOnlyForDeploymentPostprocessing = 0;
		};
		79CF2D1F277A29FE0069D3FD /* Resources */ = {
			isa = PBXResourcesBuildPhase;
			buildActionMask = 2147483647;
			files = (
			);
			runOnlyForDeploymentPostprocessing = 0;
		};
/* End PBXResourcesBuildPhase section */

/* Begin PBXSourcesBuildPhase section */
		79CF2D04277A29FE0069D3FD /* Sources */ = {
			isa = PBXSourcesBuildPhase;
			buildActionMask = 2147483647;
			files = (
				79CF2D2B277A29FE0069D3FD /* ContentView.swift in Sources */,
				79CF2D41277A349E0069D3FD /* ARDelegate.swift in Sources */,
				79CF2D47277A362E0069D3FD /* ARViewRepresentable.swift in Sources */,
				79CF2D29277A29FE0069D3FD /* GraffitiApp.swift in Sources */,
				79CF2D44277A36030069D3FD /* GeometryUtils.swift in Sources */,
			);
			runOnlyForDeploymentPostprocessing = 0;
		};
		79CF2D0A277A29FE0069D3FD /* Sources */ = {
			isa = PBXSourcesBuildPhase;
			buildActionMask = 2147483647;
			files = (
				79CF2D2C277A29FE0069D3FD /* ContentView.swift in Sources */,
				79CF2D42277A349E0069D3FD /* ARDelegate.swift in Sources */,
				79CF2D48277A362E0069D3FD /* ARViewRepresentable.swift in Sources */,
				79CF2D2A277A29FE0069D3FD /* GraffitiApp.swift in Sources */,
				79CF2D45277A36030069D3FD /* GeometryUtils.swift in Sources */,
			);
			runOnlyForDeploymentPostprocessing = 0;
		};
		79CF2D11277A29FE0069D3FD /* Sources */ = {
			isa = PBXSourcesBuildPhase;
			buildActionMask = 2147483647;
			files = (
				79CF2D1C277A29FE0069D3FD /* Tests_iOSLaunchTests.swift in Sources */,
				79CF2D1A277A29FE0069D3FD /* Tests_iOS.swift in Sources */,
			);
			runOnlyForDeploymentPostprocessing = 0;
		};
		79CF2D1D277A29FE0069D3FD /* Sources */ = {
			isa = PBXSourcesBuildPhase;
			buildActionMask = 2147483647;
			files = (
				79CF2D28277A29FE0069D3FD /* Tests_macOSLaunchTests.swift in Sources */,
				79CF2D26277A29FE0069D3FD /* Tests_macOS.swift in Sources */,
			);
			runOnlyForDeploymentPostprocessing = 0;
		};
/* End PBXSourcesBuildPhase section */

/* Begin PBXTargetDependency section */
		79CF2D17277A29FE0069D3FD /* PBXTargetDependency */ = {
			isa = PBXTargetDependency;
			target = 79CF2D07277A29FE0069D3FD /* Graffiti (iOS) */;
			targetProxy = 79CF2D16277A29FE0069D3FD /* PBXContainerItemProxy */;
		};
		79CF2D23277A29FE0069D3FD /* PBXTargetDependency */ = {
			isa = PBXTargetDependency;
			target = 79CF2D0D277A29FE0069D3FD /* Graffiti (macOS) */;
			targetProxy = 79CF2D22277A29FE0069D3FD /* PBXContainerItemProxy */;
		};
/* End PBXTargetDependency section */

/* Begin XCBuildConfiguration section */
		79CF2D2F277A29FE0069D3FD /* Debug */ = {
			isa = XCBuildConfiguration;
			buildSettings = {
				ALWAYS_SEARCH_USER_PATHS = NO;
				CLANG_ANALYZER_NONNULL = YES;
				CLANG_ANALYZER_NUMBER_OBJECT_CONVERSION = YES_AGGRESSIVE;
				CLANG_CXX_LANGUAGE_STANDARD = "gnu++17";
				CLANG_CXX_LIBRARY = "libc++";
				CLANG_ENABLE_MODULES = YES;
				CLANG_ENABLE_OBJC_ARC = YES;
				CLANG_ENABLE_OBJC_WEAK = YES;
				CLANG_WARN_BLOCK_CAPTURE_AUTORELEASING = YES;
				CLANG_WARN_BOOL_CONVERSION = YES;
				CLANG_WARN_COMMA = YES;
				CLANG_WARN_CONSTANT_CONVERSION = YES;
				CLANG_WARN_DEPRECATED_OBJC_IMPLEMENTATIONS = YES;
				CLANG_WARN_DIRECT_OBJC_ISA_USAGE = YES_ERROR;
				CLANG_WARN_DOCUMENTATION_COMMENTS = YES;
				CLANG_WARN_EMPTY_BODY = YES;
				CLANG_WARN_ENUM_CONVERSION = YES;
				CLANG_WARN_INFINITE_RECURSION = YES;
				CLANG_WARN_INT_CONVERSION = YES;
				CLANG_WARN_NON_LITERAL_NULL_CONVERSION = YES;
				CLANG_WARN_OBJC_IMPLICIT_RETAIN_SELF = YES;
				CLANG_WARN_OBJC_LITERAL_CONVERSION = YES;
				CLANG_WARN_OBJC_ROOT_CLASS = YES_ERROR;
				CLANG_WARN_QUOTED_INCLUDE_IN_FRAMEWORK_HEADER = YES;
				CLANG_WARN_RANGE_LOOP_ANALYSIS = YES;
				CLANG_WARN_STRICT_PROTOTYPES = YES;
				CLANG_WARN_SUSPICIOUS_MOVE = YES;
				CLANG_WARN_UNGUARDED_AVAILABILITY = YES_AGGRESSIVE;
				CLANG_WARN_UNREACHABLE_CODE = YES;
				CLANG_WARN__DUPLICATE_METHOD_MATCH = YES;
				COPY_PHASE_STRIP = NO;
				DEBUG_INFORMATION_FORMAT = dwarf;
				ENABLE_STRICT_OBJC_MSGSEND = YES;
				ENABLE_TESTABILITY = YES;
				GCC_C_LANGUAGE_STANDARD = gnu11;
				GCC_DYNAMIC_NO_PIC = NO;
				GCC_NO_COMMON_BLOCKS = YES;
				GCC_OPTIMIZATION_LEVEL = 0;
				GCC_PREPROCESSOR_DEFINITIONS = (
					"DEBUG=1",
					"$(inherited)",
				);
				GCC_WARN_64_TO_32_BIT_CONVERSION = YES;
				GCC_WARN_ABOUT_RETURN_TYPE = YES_ERROR;
				GCC_WARN_UNDECLARED_SELECTOR = YES;
				GCC_WARN_UNINITIALIZED_AUTOS = YES_AGGRESSIVE;
				GCC_WARN_UNUSED_FUNCTION = YES;
				GCC_WARN_UNUSED_VARIABLE = YES;
				MTL_ENABLE_DEBUG_INFO = INCLUDE_SOURCE;
				MTL_FAST_MATH = YES;
				ONLY_ACTIVE_ARCH = YES;
				SWIFT_ACTIVE_COMPILATION_CONDITIONS = DEBUG;
				SWIFT_OPTIMIZATION_LEVEL = "-Onone";
			};
			name = Debug;
		};
		79CF2D30277A29FE0069D3FD /* Release */ = {
			isa = XCBuildConfiguration;
			buildSettings = {
				ALWAYS_SEARCH_USER_PATHS = NO;
				CLANG_ANALYZER_NONNULL = YES;
				CLANG_ANALYZER_NUMBER_OBJECT_CONVERSION = YES_AGGRESSIVE;
				CLANG_CXX_LANGUAGE_STANDARD = "gnu++17";
				CLANG_CXX_LIBRARY = "libc++";
				CLANG_ENABLE_MODULES = YES;
				CLANG_ENABLE_OBJC_ARC = YES;
				CLANG_ENABLE_OBJC_WEAK = YES;
				CLANG_WARN_BLOCK_CAPTURE_AUTORELEASING = YES;
				CLANG_WARN_BOOL_CONVERSION = YES;
				CLANG_WARN_COMMA = YES;
				CLANG_WARN_CONSTANT_CONVERSION = YES;
				CLANG_WARN_DEPRECATED_OBJC_IMPLEMENTATIONS = YES;
				CLANG_WARN_DIRECT_OBJC_ISA_USAGE = YES_ERROR;
				CLANG_WARN_DOCUMENTATION_COMMENTS = YES;
				CLANG_WARN_EMPTY_BODY = YES;
				CLANG_WARN_ENUM_CONVERSION = YES;
				CLANG_WARN_INFINITE_RECURSION = YES;
				CLANG_WARN_INT_CONVERSION = YES;
				CLANG_WARN_NON_LITERAL_NULL_CONVERSION = YES;
				CLANG_WARN_OBJC_IMPLICIT_RETAIN_SELF = YES;
				CLANG_WARN_OBJC_LITERAL_CONVERSION = YES;
				CLANG_WARN_OBJC_ROOT_CLASS = YES_ERROR;
				CLANG_WARN_QUOTED_INCLUDE_IN_FRAMEWORK_HEADER = YES;
				CLANG_WARN_RANGE_LOOP_ANALYSIS = YES;
				CLANG_WARN_STRICT_PROTOTYPES = YES;
				CLANG_WARN_SUSPICIOUS_MOVE = YES;
				CLANG_WARN_UNGUARDED_AVAILABILITY = YES_AGGRESSIVE;
				CLANG_WARN_UNREACHABLE_CODE = YES;
				CLANG_WARN__DUPLICATE_METHOD_MATCH = YES;
				COPY_PHASE_STRIP = NO;
				DEBUG_INFORMATION_FORMAT = "dwarf-with-dsym";
				ENABLE_NS_ASSERTIONS = NO;
				ENABLE_STRICT_OBJC_MSGSEND = YES;
				GCC_C_LANGUAGE_STANDARD = gnu11;
				GCC_NO_COMMON_BLOCKS = YES;
				GCC_WARN_64_TO_32_BIT_CONVERSION = YES;
				GCC_WARN_ABOUT_RETURN_TYPE = YES_ERROR;
				GCC_WARN_UNDECLARED_SELECTOR = YES;
				GCC_WARN_UNINITIALIZED_AUTOS = YES_AGGRESSIVE;
				GCC_WARN_UNUSED_FUNCTION = YES;
				GCC_WARN_UNUSED_VARIABLE = YES;
				MTL_ENABLE_DEBUG_INFO = NO;
				MTL_FAST_MATH = YES;
				SWIFT_COMPILATION_MODE = wholemodule;
				SWIFT_OPTIMIZATION_LEVEL = "-O";
			};
			name = Release;
		};
		79CF2D32277A29FE0069D3FD /* Debug */ = {
			isa = XCBuildConfiguration;
			buildSettings = {
				ASSETCATALOG_COMPILER_APPICON_NAME = AppIcon;
				ASSETCATALOG_COMPILER_GLOBAL_ACCENT_COLOR_NAME = AccentColor;
				CODE_SIGN_STYLE = Automatic;
				CURRENT_PROJECT_VERSION = 1;
				DEVELOPMENT_TEAM = BL25SKUR5H;
				ENABLE_PREVIEWS = YES;
				GENERATE_INFOPLIST_FILE = YES;
				INFOPLIST_KEY_UIApplicationSceneManifest_Generation = YES;
				INFOPLIST_KEY_UIApplicationSupportsIndirectInputEvents = YES;
				INFOPLIST_KEY_UILaunchScreen_Generation = YES;
				INFOPLIST_KEY_UISupportedInterfaceOrientations_iPad = "UIInterfaceOrientationPortrait UIInterfaceOrientationPortraitUpsideDown UIInterfaceOrientationLandscapeLeft UIInterfaceOrientationLandscapeRight";
				INFOPLIST_KEY_UISupportedInterfaceOrientations_iPhone = "UIInterfaceOrientationPortrait UIInterfaceOrientationLandscapeLeft UIInterfaceOrientationLandscapeRight";
				IPHONEOS_DEPLOYMENT_TARGET = 15.0;
				LD_RUNPATH_SEARCH_PATHS = (
					"$(inherited)",
					"@executable_path/Frameworks",
				);
				MARKETING_VERSION = 1.0;
				PRODUCT_BUNDLE_IDENTIFIER = richard.Graffiti;
				PRODUCT_NAME = Graffiti;
				SDKROOT = iphoneos;
				SWIFT_EMIT_LOC_STRINGS = YES;
				SWIFT_VERSION = 5.0;
				TARGETED_DEVICE_FAMILY = "1,2";
			};
			name = Debug;
		};
		79CF2D33277A29FE0069D3FD /* Release */ = {
			isa = XCBuildConfiguration;
			buildSettings = {
				ASSETCATALOG_COMPILER_APPICON_NAME = AppIcon;
				ASSETCATALOG_COMPILER_GLOBAL_ACCENT_COLOR_NAME = AccentColor;
				CODE_SIGN_STYLE = Automatic;
				CURRENT_PROJECT_VERSION = 1;
				DEVELOPMENT_TEAM = BL25SKUR5H;
				ENABLE_PREVIEWS = YES;
				GENERATE_INFOPLIST_FILE = YES;
				INFOPLIST_KEY_UIApplicationSceneManifest_Generation = YES;
				INFOPLIST_KEY_UIApplicationSupportsIndirectInputEvents = YES;
				INFOPLIST_KEY_UILaunchScreen_Generation = YES;
				INFOPLIST_KEY_UISupportedInterfaceOrientations_iPad = "UIInterfaceOrientationPortrait UIInterfaceOrientationPortraitUpsideDown UIInterfaceOrientationLandscapeLeft UIInterfaceOrientationLandscapeRight";
				INFOPLIST_KEY_UISupportedInterfaceOrientations_iPhone = "UIInterfaceOrientationPortrait UIInterfaceOrientationLandscapeLeft UIInterfaceOrientationLandscapeRight";
				IPHONEOS_DEPLOYMENT_TARGET = 15.0;
				LD_RUNPATH_SEARCH_PATHS = (
					"$(inherited)",
					"@executable_path/Frameworks",
				);
				MARKETING_VERSION = 1.0;
				PRODUCT_BUNDLE_IDENTIFIER = richard.Graffiti;
				PRODUCT_NAME = Graffiti;
				SDKROOT = iphoneos;
				SWIFT_EMIT_LOC_STRINGS = YES;
				SWIFT_VERSION = 5.0;
				TARGETED_DEVICE_FAMILY = "1,2";
				VALIDATE_PRODUCT = YES;
			};
			name = Release;
		};
		79CF2D35277A29FE0069D3FD /* Debug */ = {
			isa = XCBuildConfiguration;
			buildSettings = {
				ASSETCATALOG_COMPILER_APPICON_NAME = AppIcon;
				ASSETCATALOG_COMPILER_GLOBAL_ACCENT_COLOR_NAME = AccentColor;
				CODE_SIGN_ENTITLEMENTS = macOS/macOS.entitlements;
				CODE_SIGN_STYLE = Automatic;
				COMBINE_HIDPI_IMAGES = YES;
				CURRENT_PROJECT_VERSION = 1;
				DEVELOPMENT_TEAM = BL25SKUR5H;
				ENABLE_HARDENED_RUNTIME = YES;
				ENABLE_PREVIEWS = YES;
				GENERATE_INFOPLIST_FILE = YES;
				INFOPLIST_KEY_NSHumanReadableCopyright = "";
				LD_RUNPATH_SEARCH_PATHS = (
					"$(inherited)",
					"@executable_path/../Frameworks",
				);
				MACOSX_DEPLOYMENT_TARGET = 11.6;
				MARKETING_VERSION = 1.0;
				PRODUCT_BUNDLE_IDENTIFIER = richard.Graffiti;
				PRODUCT_NAME = Graffiti;
				SDKROOT = macosx;
				SWIFT_EMIT_LOC_STRINGS = YES;
				SWIFT_VERSION = 5.0;
			};
			name = Debug;
		};
		79CF2D36277A29FE0069D3FD /* Release */ = {
			isa = XCBuildConfiguration;
			buildSettings = {
				ASSETCATALOG_COMPILER_APPICON_NAME = AppIcon;
				ASSETCATALOG_COMPILER_GLOBAL_ACCENT_COLOR_NAME = AccentColor;
				CODE_SIGN_ENTITLEMENTS = macOS/macOS.entitlements;
				CODE_SIGN_STYLE = Automatic;
				COMBINE_HIDPI_IMAGES = YES;
				CURRENT_PROJECT_VERSION = 1;
				DEVELOPMENT_TEAM = BL25SKUR5H;
				ENABLE_HARDENED_RUNTIME = YES;
				ENABLE_PREVIEWS = YES;
				GENERATE_INFOPLIST_FILE = YES;
				INFOPLIST_KEY_NSHumanReadableCopyright = "";
				LD_RUNPATH_SEARCH_PATHS = (
					"$(inherited)",
					"@executable_path/../Frameworks",
				);
				MACOSX_DEPLOYMENT_TARGET = 11.6;
				MARKETING_VERSION = 1.0;
				PRODUCT_BUNDLE_IDENTIFIER = richard.Graffiti;
				PRODUCT_NAME = Graffiti;
				SDKROOT = macosx;
				SWIFT_EMIT_LOC_STRINGS = YES;
				SWIFT_VERSION = 5.0;
			};
			name = Release;
		};
		79CF2D38277A29FE0069D3FD /* Debug */ = {
			isa = XCBuildConfiguration;
			buildSettings = {
				ALWAYS_EMBED_SWIFT_STANDARD_LIBRARIES = YES;
				CODE_SIGN_STYLE = Automatic;
				CURRENT_PROJECT_VERSION = 1;
				DEVELOPMENT_TEAM = BL25SKUR5H;
				GENERATE_INFOPLIST_FILE = YES;
				IPHONEOS_DEPLOYMENT_TARGET = 15.0;
				LD_RUNPATH_SEARCH_PATHS = (
					"$(inherited)",
					"@executable_path/Frameworks",
					"@loader_path/Frameworks",
				);
				MARKETING_VERSION = 1.0;
				PRODUCT_BUNDLE_IDENTIFIER = "test.Tests-iOS";
				PRODUCT_NAME = "$(TARGET_NAME)";
				SDKROOT = iphoneos;
				SWIFT_EMIT_LOC_STRINGS = NO;
				SWIFT_VERSION = 5.0;
				TARGETED_DEVICE_FAMILY = "1,2";
				TEST_TARGET_NAME = "Graffiti (iOS)";
			};
			name = Debug;
		};
		79CF2D39277A29FE0069D3FD /* Release */ = {
			isa = XCBuildConfiguration;
			buildSettings = {
				ALWAYS_EMBED_SWIFT_STANDARD_LIBRARIES = YES;
				CODE_SIGN_STYLE = Automatic;
				CURRENT_PROJECT_VERSION = 1;
				DEVELOPMENT_TEAM = BL25SKUR5H;
				GENERATE_INFOPLIST_FILE = YES;
				IPHONEOS_DEPLOYMENT_TARGET = 15.0;
				LD_RUNPATH_SEARCH_PATHS = (
					"$(inherited)",
					"@executable_path/Frameworks",
					"@loader_path/Frameworks",
				);
				MARKETING_VERSION = 1.0;
				PRODUCT_BUNDLE_IDENTIFIER = "test.Tests-iOS";
				PRODUCT_NAME = "$(TARGET_NAME)";
				SDKROOT = iphoneos;
				SWIFT_EMIT_LOC_STRINGS = NO;
				SWIFT_VERSION = 5.0;
				TARGETED_DEVICE_FAMILY = "1,2";
				TEST_TARGET_NAME = "Graffiti (iOS)";
				VALIDATE_PRODUCT = YES;
			};
			name = Release;
		};
		79CF2D3B277A29FE0069D3FD /* Debug */ = {
			isa = XCBuildConfiguration;
			buildSettings = {
				ALWAYS_EMBED_SWIFT_STANDARD_LIBRARIES = YES;
				CODE_SIGN_STYLE = Automatic;
				COMBINE_HIDPI_IMAGES = YES;
				CURRENT_PROJECT_VERSION = 1;
				DEVELOPMENT_TEAM = BL25SKUR5H;
				GENERATE_INFOPLIST_FILE = YES;
				LD_RUNPATH_SEARCH_PATHS = (
					"$(inherited)",
					"@executable_path/../Frameworks",
					"@loader_path/../Frameworks",
				);
				MACOSX_DEPLOYMENT_TARGET = 11.6;
				MARKETING_VERSION = 1.0;
				PRODUCT_BUNDLE_IDENTIFIER = "test.Tests-macOS";
				PRODUCT_NAME = "$(TARGET_NAME)";
				SDKROOT = macosx;
				SWIFT_EMIT_LOC_STRINGS = NO;
				SWIFT_VERSION = 5.0;
				TEST_TARGET_NAME = "Graffiti (macOS)";
			};
			name = Debug;
		};
		79CF2D3C277A29FE0069D3FD /* Release */ = {
			isa = XCBuildConfiguration;
			buildSettings = {
				ALWAYS_EMBED_SWIFT_STANDARD_LIBRARIES = YES;
				CODE_SIGN_STYLE = Automatic;
				COMBINE_HIDPI_IMAGES = YES;
				CURRENT_PROJECT_VERSION = 1;
				DEVELOPMENT_TEAM = BL25SKUR5H;
				GENERATE_INFOPLIST_FILE = YES;
				LD_RUNPATH_SEARCH_PATHS = (
					"$(inherited)",
					"@executable_path/../Frameworks",
					"@loader_path/../Frameworks",
				);
				MACOSX_DEPLOYMENT_TARGET = 11.6;
				MARKETING_VERSION = 1.0;
				PRODUCT_BUNDLE_IDENTIFIER = "test.Tests-macOS";
				PRODUCT_NAME = "$(TARGET_NAME)";
				SDKROOT = macosx;
				SWIFT_EMIT_LOC_STRINGS = NO;
				SWIFT_VERSION = 5.0;
				TEST_TARGET_NAME = "Graffiti (macOS)";
			};
			name = Release;
		};
/* End XCBuildConfiguration section */

/* Begin XCConfigurationList section */
		79CF2CFF277A29FB0069D3FD /* Build configuration list for PBXProject "Graffiti" */ = {
			isa = XCConfigurationList;
			buildConfigurations = (
				79CF2D2F277A29FE0069D3FD /* Debug */,
				79CF2D30277A29FE0069D3FD /* Release */,
			);
			defaultConfigurationIsVisible = 0;
			defaultConfigurationName = Release;
		};
		79CF2D31277A29FE0069D3FD /* Build configuration list for PBXNativeTarget "Graffiti (iOS)" */ = {
			isa = XCConfigurationList;
			buildConfigurations = (
				79CF2D32277A29FE0069D3FD /* Debug */,
				79CF2D33277A29FE0069D3FD /* Release */,
			);
			defaultConfigurationIsVisible = 0;
			defaultConfigurationName = Release;
		};
		79CF2D34277A29FE0069D3FD /* Build configuration list for PBXNativeTarget "Graffiti (macOS)" */ = {
			isa = XCConfigurationList;
			buildConfigurations = (
				79CF2D35277A29FE0069D3FD /* Debug */,
				79CF2D36277A29FE0069D3FD /* Release */,
			);
			defaultConfigurationIsVisible = 0;
			defaultConfigurationName = Release;
		};
		79CF2D37277A29FE0069D3FD /* Build configuration list for PBXNativeTarget "Tests iOS" */ = {
			isa = XCConfigurationList;
			buildConfigurations = (
				79CF2D38277A29FE0069D3FD /* Debug */,
				79CF2D39277A29FE0069D3FD /* Release */,
			);
			defaultConfigurationIsVisible = 0;
			defaultConfigurationName = Release;
		};
		79CF2D3A277A29FE0069D3FD /* Build configuration list for PBXNativeTarget "Tests macOS" */ = {
			isa = XCConfigurationList;
			buildConfigurations = (
				79CF2D3B277A29FE0069D3FD /* Debug */,
				79CF2D3C277A29FE0069D3FD /* Release */,
			);
			defaultConfigurationIsVisible = 0;
			defaultConfigurationName = Release;
		};
/* End XCConfigurationList section */
	};
	rootObject = 79CF2CFC277A29FB0069D3FD /* Project object */;
}
